
Microsoft Visual Studio Solution File, Format Version 12.00
# Visual Studio Version 17
VisualStudioVersion = 17.0.32014.148
MinimumVisualStudioVersion = 10.0.40219.1
Project("{FAE04EC0-301F-11D3-BF4B-00C04F79EFBC}") = "Aprendizagem.ExerciciosLogica", "Aprendizagem.ExerciciosLogica\Aprendizagem.ExerciciosLogica.csproj", "{6AAD5181-7E89-4E89-AC05-07A572B43085}"
EndProject
Global
	GlobalSection(SolutionConfigurationPlatforms) = preSolution
		Debug|Any CPU = Debug|Any CPU
		Release|Any CPU = Release|Any CPU
	EndGlobalSection
	GlobalSection(ProjectConfigurationPlatforms) = postSolution
		{6AAD5181-7E89-4E89-AC05-07A572B43085}.Debug|Any CPU.ActiveCfg = Debug|Any CPU
		{6AAD5181-7E89-4E89-AC05-07A572B43085}.Debug|Any CPU.Build.0 = Debug|Any CPU
		{6AAD5181-7E89-4E89-AC05-07A572B43085}.Release|Any CPU.ActiveCfg = Release|Any CPU
		{6AAD5181-7E89-4E89-AC05-07A572B43085}.Release|Any CPU.Build.0 = Release|Any CPU
	EndGlobalSection
	GlobalSection(SolutionProperties) = preSolution
		HideSolutionNode = FALSE
	EndGlobalSection
	GlobalSection(ExtensibilityGlobals) = postSolution
		SolutionGuid = {A2B7AFA8-3592-49F4-A60C-BC79BF670959}
	EndGlobalSection
EndGlobal
